
Microsoft Visual Studio Solution File, Format Version 12.00
# Visual Studio 15
VisualStudioVersion = 15.0.28307.852
MinimumVisualStudioVersion = 10.0.40219.1
Project("{FAE04EC0-301F-11D3-BF4B-00C04F79EFBC}") = "Spotlight Copier", "Spotlight Copier\Spotlight Copier.csproj", "{C0EEC6D2-7140-4B00-AF66-11B1C4ADA557}"
EndProject
Global
	GlobalSection(SolutionConfigurationPlatforms) = preSolution
		Debug|Any CPU = Debug|Any CPU
		Release|Any CPU = Release|Any CPU
	EndGlobalSection
	GlobalSection(ProjectConfigurationPlatforms) = postSolution
		{C0EEC6D2-7140-4B00-AF66-11B1C4ADA557}.Debug|Any CPU.ActiveCfg = Debug|Any CPU
		{C0EEC6D2-7140-4B00-AF66-11B1C4ADA557}.Debug|Any CPU.Build.0 = Debug|Any CPU
		{C0EEC6D2-7140-4B00-AF66-11B1C4ADA557}.Release|Any CPU.ActiveCfg = Release|Any CPU
		{C0EEC6D2-7140-4B00-AF66-11B1C4ADA557}.Release|Any CPU.Build.0 = Release|Any CPU
	EndGlobalSection
	GlobalSection(SolutionProperties) = preSolution
		HideSolutionNode = FALSE
	EndGlobalSection
	GlobalSection(ExtensibilityGlobals) = postSolution
		SolutionGuid = {1E75671F-0087-4E2E-ABB6-348605438AAB}
	EndGlobalSection
EndGlobal
